
Microsoft Visual Studio Solution File, Format Version 12.00
# Visual Studio Version 17
VisualStudioVersion = 17.9.34714.143
MinimumVisualStudioVersion = 10.0.40219.1
Project("{FAE04EC0-301F-11D3-BF4B-00C04F79EFBC}") = "gooseos_kill_streak", "Gooseo's Kill Streak\gooseos_kill_streak.csproj", "{11670BC9-4BE9-43BF-AC04-8552205889F5}"
EndProject
Global
	GlobalSection(SolutionConfigurationPlatforms) = preSolution
		Debug|Any CPU = Debug|Any CPU
		Release|Any CPU = Release|Any CPU
	EndGlobalSection
	GlobalSection(ProjectConfigurationPlatforms) = postSolution
		{11670BC9-4BE9-43BF-AC04-8552205889F5}.Debug|Any CPU.ActiveCfg = Debug|Any CPU
		{11670BC9-4BE9-43BF-AC04-8552205889F5}.Debug|Any CPU.Build.0 = Debug|Any CPU
		{11670BC9-4BE9-43BF-AC04-8552205889F5}.Release|Any CPU.ActiveCfg = Release|Any CPU
		{11670BC9-4BE9-43BF-AC04-8552205889F5}.Release|Any CPU.Build.0 = Release|Any CPU
	EndGlobalSection
	GlobalSection(SolutionProperties) = preSolution
		HideSolutionNode = FALSE
	EndGlobalSection
	GlobalSection(ExtensibilityGlobals) = postSolution
		SolutionGuid = {DF45EEB6-D559-4FD3-9806-5A03BCF73891}
	EndGlobalSection
EndGlobal
